// !$*UTF8*$!
{
	archiveVersion = 1;
	classes = {
	};
	objectVersion = 46;
	objects = {

/* Begin PBXBuildFile section */
		BC020AE8196188F40061A620 /* main.m in Sources */ = {isa = PBXBuildFile; fileRef = BC020AE7196188F40061A620 /* main.m */; };
		BC020AEB196188F40061A620 /* AppDelegate.m in Sources */ = {isa = PBXBuildFile; fileRef = BC020AEA196188F40061A620 /* AppDelegate.m */; };
		BC020AED196188F40061A620 /* Images.xcassets in Resources */ = {isa = PBXBuildFile; fileRef = BC020AEC196188F40061A620 /* Images.xcassets */; };
		BC020AF9196188F50061A620 /* Stroke5InputMethodTests.m in Sources */ = {isa = PBXBuildFile; fileRef = BC020AF8196188F50061A620 /* Stroke5InputMethodTests.m */; };
		BC020B0C1961890B0061A620 /* KeyboardViewController.m in Sources */ = {isa = PBXBuildFile; fileRef = BC020B0B1961890B0061A620 /* KeyboardViewController.m */; };
		BC020B0F1961890B0061A620 /* com.linkomnia.Stroke5InputMethod.Stroke5Keyboard.appex in Embed App Extensions */ = {isa = PBXBuildFile; fileRef = BC020B061961890A0061A620 /* com.linkomnia.Stroke5InputMethod.Stroke5Keyboard.appex */; };
		BC020B1719618D3C0061A620 /* libsqlite3.dylib in Frameworks */ = {isa = PBXBuildFile; fileRef = BC020B1619618D3C0061A620 /* libsqlite3.dylib */; };
		BC020B1B1961AE0B0061A620 /* ViewController.m in Sources */ = {isa = PBXBuildFile; fileRef = BC020B191961AE0B0061A620 /* ViewController.m */; };
		BC020B1C1961AE0B0061A620 /* ViewController.xib in Resources */ = {isa = PBXBuildFile; fileRef = BC020B1A1961AE0B0061A620 /* ViewController.xib */; };
		BC020B2219623E320061A620 /* Stroke5Database.m in Sources */ = {isa = PBXBuildFile; fileRef = BC020B2119623E320061A620 /* Stroke5Database.m */; };
		BC020B2419624EF00061A620 /* stroke5.sqlite3 in Resources */ = {isa = PBXBuildFile; fileRef = BC020B2319624EF00061A620 /* stroke5.sqlite3 */; };
		BCDA8F321983E8910064698A /* QuartzCore.framework in Frameworks */ = {isa = PBXBuildFile; fileRef = BCDA8F311983E8910064698A /* QuartzCore.framework */; };
		BCF55211196DD8A000926035 /* KeyButton.m in Sources */ = {isa = PBXBuildFile; fileRef = BCF55210196DD8A000926035 /* KeyButton.m */; };
/* End PBXBuildFile section */

/* Begin PBXContainerItemProxy section */
		BC020AF3196188F50061A620 /* PBXContainerItemProxy */ = {
			isa = PBXContainerItemProxy;
			containerPortal = BC020ADA196188F40061A620 /* Project object */;
			proxyType = 1;
			remoteGlobalIDString = BC020AE1196188F40061A620;
			remoteInfo = Stroke5InputMethod;
		};
		BC020B0D1961890B0061A620 /* PBXContainerItemProxy */ = {
			isa = PBXContainerItemProxy;
			containerPortal = BC020ADA196188F40061A620 /* Project object */;
			proxyType = 1;
			remoteGlobalIDString = BC020B051961890A0061A620;
			remoteInfo = Stroke5Keyboard;
		};
		BC020B101961890B0061A620 /* PBXContainerItemProxy */ = {
			isa = PBXContainerItemProxy;
			containerPortal = BC020ADA196188F40061A620 /* Project object */;
			proxyType = 1;
			remoteGlobalIDString = BC020B051961890A0061A620;
			remoteInfo = Stroke5Keyboard;
		};
/* End PBXContainerItemProxy section */

/* Begin PBXCopyFilesBuildPhase section */
		BC020B151961890B0061A620 /* Embed App Extensions */ = {
			isa = PBXCopyFilesBuildPhase;
			buildActionMask = 2147483647;
			dstPath = "";
			dstSubfolderSpec = 13;
			files = (
				BC020B0F1961890B0061A620 /* com.linkomnia.Stroke5InputMethod.Stroke5Keyboard.appex in Embed App Extensions */,
			);
			name = "Embed App Extensions";
			runOnlyForDeploymentPostprocessing = 0;
		};
/* End PBXCopyFilesBuildPhase section */

/* Begin PBXFileReference section */
		BC020AE2196188F40061A620 /* Stroke5InputMethod.app */ = {isa = PBXFileReference; explicitFileType = wrapper.application; includeInIndex = 0; path = Stroke5InputMethod.app; sourceTree = BUILT_PRODUCTS_DIR; };
		BC020AE6196188F40061A620 /* Info.plist */ = {isa = PBXFileReference; lastKnownFileType = text.plist.xml; path = Info.plist; sourceTree = "<group>"; };
		BC020AE7196188F40061A620 /* main.m */ = {isa = PBXFileReference; lastKnownFileType = sourcecode.c.objc; path = main.m; sourceTree = "<group>"; };
		BC020AE9196188F40061A620 /* AppDelegate.h */ = {isa = PBXFileReference; lastKnownFileType = sourcecode.c.h; path = AppDelegate.h; sourceTree = "<group>"; };
		BC020AEA196188F40061A620 /* AppDelegate.m */ = {isa = PBXFileReference; lastKnownFileType = sourcecode.c.objc; path = AppDelegate.m; sourceTree = "<group>"; };
		BC020AEC196188F40061A620 /* Images.xcassets */ = {isa = PBXFileReference; lastKnownFileType = folder.assetcatalog; path = Images.xcassets; sourceTree = "<group>"; };
		BC020AF2196188F50061A620 /* Stroke5InputMethodTests.xctest */ = {isa = PBXFileReference; explicitFileType = wrapper.cfbundle; includeInIndex = 0; path = Stroke5InputMethodTests.xctest; sourceTree = BUILT_PRODUCTS_DIR; };
		BC020AF7196188F50061A620 /* Info.plist */ = {isa = PBXFileReference; lastKnownFileType = text.plist.xml; path = Info.plist; sourceTree = "<group>"; };
		BC020AF8196188F50061A620 /* Stroke5InputMethodTests.m */ = {isa = PBXFileReference; lastKnownFileType = sourcecode.c.objc; path = Stroke5InputMethodTests.m; sourceTree = "<group>"; };
		BC020B061961890A0061A620 /* com.linkomnia.Stroke5InputMethod.Stroke5Keyboard.appex */ = {isa = PBXFileReference; explicitFileType = "wrapper.app-extension"; includeInIndex = 0; path = com.linkomnia.Stroke5InputMethod.Stroke5Keyboard.appex; sourceTree = BUILT_PRODUCTS_DIR; };
		BC020B091961890B0061A620 /* Info.plist */ = {isa = PBXFileReference; lastKnownFileType = text.plist.xml; path = Info.plist; sourceTree = "<group>"; };
		BC020B0A1961890B0061A620 /* KeyboardViewController.h */ = {isa = PBXFileReference; lastKnownFileType = sourcecode.c.h; path = KeyboardViewController.h; sourceTree = "<group>"; };
		BC020B0B1961890B0061A620 /* KeyboardViewController.m */ = {isa = PBXFileReference; lastKnownFileType = sourcecode.c.objc; path = KeyboardViewController.m; sourceTree = "<group>"; };
		BC020B1619618D3C0061A620 /* libsqlite3.dylib */ = {isa = PBXFileReference; lastKnownFileType = "compiled.mach-o.dylib"; name = libsqlite3.dylib; path = usr/lib/libsqlite3.dylib; sourceTree = SDKROOT; };
		BC020B181961AE0B0061A620 /* ViewController.h */ = {isa = PBXFileReference; fileEncoding = 4; lastKnownFileType = sourcecode.c.h; path = ViewController.h; sourceTree = "<group>"; };
		BC020B191961AE0B0061A620 /* ViewController.m */ = {isa = PBXFileReference; fileEncoding = 4; lastKnownFileType = sourcecode.c.objc; path = ViewController.m; sourceTree = "<group>"; };
		BC020B1A1961AE0B0061A620 /* ViewController.xib */ = {isa = PBXFileReference; fileEncoding = 4; lastKnownFileType = file.xib; path = ViewController.xib; sourceTree = "<group>"; };
		BC020B2019623E320061A620 /* Stroke5Database.h */ = {isa = PBXFileReference; fileEncoding = 4; lastKnownFileType = sourcecode.c.h; path = Stroke5Database.h; sourceTree = "<group>"; };
		BC020B2119623E320061A620 /* Stroke5Database.m */ = {isa = PBXFileReference; fileEncoding = 4; lastKnownFileType = sourcecode.c.objc; path = Stroke5Database.m; sourceTree = "<group>"; };
		BC020B2319624EF00061A620 /* stroke5.sqlite3 */ = {isa = PBXFileReference; lastKnownFileType = file; path = stroke5.sqlite3; sourceTree = "<group>"; };
		BCDA8F311983E8910064698A /* QuartzCore.framework */ = {isa = PBXFileReference; lastKnownFileType = wrapper.framework; name = QuartzCore.framework; path = System/Library/Frameworks/QuartzCore.framework; sourceTree = SDKROOT; };
		BCF5520F196DD8A000926035 /* KeyButton.h */ = {isa = PBXFileReference; fileEncoding = 4; lastKnownFileType = sourcecode.c.h; path = KeyButton.h; sourceTree = "<group>"; };
		BCF55210196DD8A000926035 /* KeyButton.m */ = {isa = PBXFileReference; fileEncoding = 4; lastKnownFileType = sourcecode.c.objc; path = KeyButton.m; sourceTree = "<group>"; };
/* End PBXFileReference section */

/* Begin PBXFrameworksBuildPhase section */
		BC020ADF196188F40061A620 /* Frameworks */ = {
			isa = PBXFrameworksBuildPhase;
			buildActionMask = 2147483647;
			files = (
			);
			runOnlyForDeploymentPostprocessing = 0;
		};
		BC020AEF196188F50061A620 /* Frameworks */ = {
			isa = PBXFrameworksBuildPhase;
			buildActionMask = 2147483647;
			files = (
			);
			runOnlyForDeploymentPostprocessing = 0;
		};
		BC020B031961890A0061A620 /* Frameworks */ = {
			isa = PBXFrameworksBuildPhase;
			buildActionMask = 2147483647;
			files = (
				BCDA8F321983E8910064698A /* QuartzCore.framework in Frameworks */,
				BC020B1719618D3C0061A620 /* libsqlite3.dylib in Frameworks */,
			);
			runOnlyForDeploymentPostprocessing = 0;
		};
/* End PBXFrameworksBuildPhase section */

/* Begin PBXGroup section */
		BC020AD9196188F40061A620 = {
			isa = PBXGroup;
			children = (
				BCDA8F311983E8910064698A /* QuartzCore.framework */,
				BC020B1619618D3C0061A620 /* libsqlite3.dylib */,
				BC020AE4196188F40061A620 /* Stroke5InputMethod */,
				BC020AF5196188F50061A620 /* Stroke5InputMethodTests */,
				BC020B071961890A0061A620 /* Stroke5Keyboard */,
				BC020AE3196188F40061A620 /* Products */,
			);
			sourceTree = "<group>";
		};
		BC020AE3196188F40061A620 /* Products */ = {
			isa = PBXGroup;
			children = (
				BC020AE2196188F40061A620 /* Stroke5InputMethod.app */,
				BC020AF2196188F50061A620 /* Stroke5InputMethodTests.xctest */,
				BC020B061961890A0061A620 /* com.linkomnia.Stroke5InputMethod.Stroke5Keyboard.appex */,
			);
			name = Products;
			sourceTree = "<group>";
		};
		BC020AE4196188F40061A620 /* Stroke5InputMethod */ = {
			isa = PBXGroup;
			children = (
				BC020AE9196188F40061A620 /* AppDelegate.h */,
				BC020AEA196188F40061A620 /* AppDelegate.m */,
				BC020AEC196188F40061A620 /* Images.xcassets */,
				BC020AE5196188F40061A620 /* Supporting Files */,
				BC020B181961AE0B0061A620 /* ViewController.h */,
				BC020B191961AE0B0061A620 /* ViewController.m */,
				BC020B1A1961AE0B0061A620 /* ViewController.xib */,
			);
			path = Stroke5InputMethod;
			sourceTree = "<group>";
		};
		BC020AE5196188F40061A620 /* Supporting Files */ = {
			isa = PBXGroup;
			children = (
				BC020AE6196188F40061A620 /* Info.plist */,
				BC020AE7196188F40061A620 /* main.m */,
			);
			name = "Supporting Files";
			sourceTree = "<group>";
		};
		BC020AF5196188F50061A620 /* Stroke5InputMethodTests */ = {
			isa = PBXGroup;
			children = (
				BC020AF8196188F50061A620 /* Stroke5InputMethodTests.m */,
				BC020AF6196188F50061A620 /* Supporting Files */,
			);
			path = Stroke5InputMethodTests;
			sourceTree = "<group>";
		};
		BC020AF6196188F50061A620 /* Supporting Files */ = {
			isa = PBXGroup;
			children = (
				BC020AF7196188F50061A620 /* Info.plist */,
			);
			name = "Supporting Files";
			sourceTree = "<group>";
		};
		BC020B071961890A0061A620 /* Stroke5Keyboard */ = {
			isa = PBXGroup;
			children = (
				BC020B2319624EF00061A620 /* stroke5.sqlite3 */,
				BCF5520F196DD8A000926035 /* KeyButton.h */,
				BCF55210196DD8A000926035 /* KeyButton.m */,
				BC020B2019623E320061A620 /* Stroke5Database.h */,
				BC020B2119623E320061A620 /* Stroke5Database.m */,
				BC020B0A1961890B0061A620 /* KeyboardViewController.h */,
				BC020B0B1961890B0061A620 /* KeyboardViewController.m */,
				BC020B081961890B0061A620 /* Supporting Files */,
			);
			path = Stroke5Keyboard;
			sourceTree = "<group>";
		};
		BC020B081961890B0061A620 /* Supporting Files */ = {
			isa = PBXGroup;
			children = (
				BC020B091961890B0061A620 /* Info.plist */,
			);
			name = "Supporting Files";
			sourceTree = "<group>";
		};
/* End PBXGroup section */

/* Begin PBXNativeTarget section */
		BC020AE1196188F40061A620 /* Stroke5InputMethod */ = {
			isa = PBXNativeTarget;
			buildConfigurationList = BC020AFC196188F50061A620 /* Build configuration list for PBXNativeTarget "Stroke5InputMethod" */;
			buildPhases = (
				BC020ADE196188F40061A620 /* Sources */,
				BC020ADF196188F40061A620 /* Frameworks */,
				BC020AE0196188F40061A620 /* Resources */,
				BC020B151961890B0061A620 /* Embed App Extensions */,
			);
			buildRules = (
			);
			dependencies = (
				BC020B0E1961890B0061A620 /* PBXTargetDependency */,
				BC020B111961890B0061A620 /* PBXTargetDependency */,
			);
			name = Stroke5InputMethod;
			productName = Stroke5InputMethod;
			productReference = BC020AE2196188F40061A620 /* Stroke5InputMethod.app */;
			productType = "com.apple.product-type.application";
		};
		BC020AF1196188F50061A620 /* Stroke5InputMethodTests */ = {
			isa = PBXNativeTarget;
			buildConfigurationList = BC020AFF196188F50061A620 /* Build configuration list for PBXNativeTarget "Stroke5InputMethodTests" */;
			buildPhases = (
				BC020AEE196188F50061A620 /* Sources */,
				BC020AEF196188F50061A620 /* Frameworks */,
				BC020AF0196188F50061A620 /* Resources */,
			);
			buildRules = (
			);
			dependencies = (
				BC020AF4196188F50061A620 /* PBXTargetDependency */,
			);
			name = Stroke5InputMethodTests;
			productName = Stroke5InputMethodTests;
			productReference = BC020AF2196188F50061A620 /* Stroke5InputMethodTests.xctest */;
			productType = "com.apple.product-type.bundle.unit-test";
		};
		BC020B051961890A0061A620 /* Stroke5Keyboard */ = {
			isa = PBXNativeTarget;
			buildConfigurationList = BC020B121961890B0061A620 /* Build configuration list for PBXNativeTarget "Stroke5Keyboard" */;
			buildPhases = (
				BC020B021961890A0061A620 /* Sources */,
				BC020B031961890A0061A620 /* Frameworks */,
				BC020B041961890A0061A620 /* Resources */,
			);
			buildRules = (
			);
			dependencies = (
			);
			name = Stroke5Keyboard;
			productName = Stroke5Keyboard;
			productReference = BC020B061961890A0061A620 /* com.linkomnia.Stroke5InputMethod.Stroke5Keyboard.appex */;
			productType = "com.apple.product-type.app-extension";
		};
/* End PBXNativeTarget section */

/* Begin PBXProject section */
		BC020ADA196188F40061A620 /* Project object */ = {
			isa = PBXProject;
			attributes = {
				LastUpgradeCheck = 0600;
				ORGANIZATIONNAME = "Wan Leung Wong";
				TargetAttributes = {
					BC020AE1196188F40061A620 = {
						CreatedOnToolsVersion = 6.0;
					};
					BC020AF1196188F50061A620 = {
						CreatedOnToolsVersion = 6.0;
						TestTargetID = BC020AE1196188F40061A620;
					};
					BC020B051961890A0061A620 = {
						CreatedOnToolsVersion = 6.0;
					};
				};
			};
			buildConfigurationList = BC020ADD196188F40061A620 /* Build configuration list for PBXProject "Stroke5InputMethod" */;
			compatibilityVersion = "Xcode 3.2";
			developmentRegion = English;
			hasScannedForEncodings = 0;
			knownRegions = (
				en,
			);
			mainGroup = BC020AD9196188F40061A620;
			productRefGroup = BC020AE3196188F40061A620 /* Products */;
			projectDirPath = "";
			projectRoot = "";
			targets = (
				BC020AE1196188F40061A620 /* Stroke5InputMethod */,
				BC020AF1196188F50061A620 /* Stroke5InputMethodTests */,
				BC020B051961890A0061A620 /* Stroke5Keyboard */,
			);
		};
/* End PBXProject section */

/* Begin PBXResourcesBuildPhase section */
		BC020AE0196188F40061A620 /* Resources */ = {
			isa = PBXResourcesBuildPhase;
			buildActionMask = 2147483647;
			files = (
				BC020B1C1961AE0B0061A620 /* ViewController.xib in Resources */,
				BC020AED196188F40061A620 /* Images.xcassets in Resources */,
			);
			runOnlyForDeploymentPostprocessing = 0;
		};
		BC020AF0196188F50061A620 /* Resources */ = {
			isa = PBXResourcesBuildPhase;
			buildActionMask = 2147483647;
			files = (
			);
			runOnlyForDeploymentPostprocessing = 0;
		};
		BC020B041961890A0061A620 /* Resources */ = {
			isa = PBXResourcesBuildPhase;
			buildActionMask = 2147483647;
			files = (
				BC020B2419624EF00061A620 /* stroke5.sqlite3 in Resources */,
			);
			runOnlyForDeploymentPostprocessing = 0;
		};
/* End PBXResourcesBuildPhase section */

/* Begin PBXSourcesBuildPhase section */
		BC020ADE196188F40061A620 /* Sources */ = {
			isa = PBXSourcesBuildPhase;
			buildActionMask = 2147483647;
			files = (
				BC020B1B1961AE0B0061A620 /* ViewController.m in Sources */,
				BC020AEB196188F40061A620 /* AppDelegate.m in Sources */,
				BC020AE8196188F40061A620 /* main.m in Sources */,
			);
			runOnlyForDeploymentPostprocessing = 0;
		};
		BC020AEE196188F50061A620 /* Sources */ = {
			isa = PBXSourcesBuildPhase;
			buildActionMask = 2147483647;
			files = (
				BC020AF9196188F50061A620 /* Stroke5InputMethodTests.m in Sources */,
			);
			runOnlyForDeploymentPostprocessing = 0;
		};
		BC020B021961890A0061A620 /* Sources */ = {
			isa = PBXSourcesBuildPhase;
			buildActionMask = 2147483647;
			files = (
				BC020B2219623E320061A620 /* Stroke5Database.m in Sources */,
				BC020B0C1961890B0061A620 /* KeyboardViewController.m in Sources */,
				BCF55211196DD8A000926035 /* KeyButton.m in Sources */,
			);
			runOnlyForDeploymentPostprocessing = 0;
		};
/* End PBXSourcesBuildPhase section */

/* Begin PBXTargetDependency section */
		BC020AF4196188F50061A620 /* PBXTargetDependency */ = {
			isa = PBXTargetDependency;
			target = BC020AE1196188F40061A620 /* Stroke5InputMethod */;
			targetProxy = BC020AF3196188F50061A620 /* PBXContainerItemProxy */;
		};
		BC020B0E1961890B0061A620 /* PBXTargetDependency */ = {
			isa = PBXTargetDependency;
			target = BC020B051961890A0061A620 /* Stroke5Keyboard */;
			targetProxy = BC020B0D1961890B0061A620 /* PBXContainerItemProxy */;
		};
		BC020B111961890B0061A620 /* PBXTargetDependency */ = {
			isa = PBXTargetDependency;
			target = BC020B051961890A0061A620 /* Stroke5Keyboard */;
			targetProxy = BC020B101961890B0061A620 /* PBXContainerItemProxy */;
		};
/* End PBXTargetDependency section */

/* Begin XCBuildConfiguration section */
		BC020AFA196188F50061A620 /* Debug */ = {
			isa = XCBuildConfiguration;
			buildSettings = {
				ALWAYS_SEARCH_USER_PATHS = NO;
				CLANG_CXX_LANGUAGE_STANDARD = "gnu++0x";
				CLANG_CXX_LIBRARY = "libc++";
				CLANG_ENABLE_MODULES = YES;
				CLANG_ENABLE_OBJC_ARC = YES;
				CLANG_WARN_BOOL_CONVERSION = YES;
				CLANG_WARN_CONSTANT_CONVERSION = YES;
				CLANG_WARN_DIRECT_OBJC_ISA_USAGE = YES_ERROR;
				CLANG_WARN_EMPTY_BODY = YES;
				CLANG_WARN_ENUM_CONVERSION = YES;
				CLANG_WARN_INT_CONVERSION = YES;
				CLANG_WARN_OBJC_ROOT_CLASS = YES_ERROR;
				CLANG_WARN_UNREACHABLE_CODE = YES;
				CLANG_WARN__DUPLICATE_METHOD_MATCH = YES;
				"CODE_SIGN_IDENTITY[sdk=iphoneos*]" = "iPhone Developer";
				COPY_PHASE_STRIP = NO;
				ENABLE_STRICT_OBJC_MSGSEND = YES;
				GCC_C_LANGUAGE_STANDARD = gnu99;
				GCC_DYNAMIC_NO_PIC = NO;
				GCC_OPTIMIZATION_LEVEL = 0;
				GCC_PREPROCESSOR_DEFINITIONS = (
					"DEBUG=1",
					"$(inherited)",
				);
				GCC_SYMBOLS_PRIVATE_EXTERN = NO;
				GCC_WARN_64_TO_32_BIT_CONVERSION = YES;
				GCC_WARN_ABOUT_RETURN_TYPE = YES_ERROR;
				GCC_WARN_UNDECLARED_SELECTOR = YES;
				GCC_WARN_UNINITIALIZED_AUTOS = YES_AGGRESSIVE;
				GCC_WARN_UNUSED_FUNCTION = YES;
				GCC_WARN_UNUSED_VARIABLE = YES;
				IPHONEOS_DEPLOYMENT_TARGET = 8.0;
				METAL_ENABLE_DEBUG_INFO = YES;
				ONLY_ACTIVE_ARCH = YES;
				SDKROOT = iphoneos;
				TARGETED_DEVICE_FAMILY = "1,2";
			};
			name = Debug;
		};
		BC020AFB196188F50061A620 /* Release */ = {
			isa = XCBuildConfiguration;
			buildSettings = {
				ALWAYS_SEARCH_USER_PATHS = NO;
				CLANG_CXX_LANGUAGE_STANDARD = "gnu++0x";
				CLANG_CXX_LIBRARY = "libc++";
				CLANG_ENABLE_MODULES = YES;
				CLANG_ENABLE_OBJC_ARC = YES;
				CLANG_WARN_BOOL_CONVERSION = YES;
				CLANG_WARN_CONSTANT_CONVERSION = YES;
				CLANG_WARN_DIRECT_OBJC_ISA_USAGE = YES_ERROR;
				CLANG_WARN_EMPTY_BODY = YES;
				CLANG_WARN_ENUM_CONVERSION = YES;
				CLANG_WARN_INT_CONVERSION = YES;
				CLANG_WARN_OBJC_ROOT_CLASS = YES_ERROR;
				CLANG_WARN_UNREACHABLE_CODE = YES;
				CLANG_WARN__DUPLICATE_METHOD_MATCH = YES;
				"CODE_SIGN_IDENTITY[sdk=iphoneos*]" = "iPhone Developer";
				COPY_PHASE_STRIP = YES;
				ENABLE_NS_ASSERTIONS = NO;
				ENABLE_STRICT_OBJC_MSGSEND = YES;
				GCC_C_LANGUAGE_STANDARD = gnu99;
				GCC_WARN_64_TO_32_BIT_CONVERSION = YES;
				GCC_WARN_ABOUT_RETURN_TYPE = YES_ERROR;
				GCC_WARN_UNDECLARED_SELECTOR = YES;
				GCC_WARN_UNINITIALIZED_AUTOS = YES_AGGRESSIVE;
				GCC_WARN_UNUSED_FUNCTION = YES;
				GCC_WARN_UNUSED_VARIABLE = YES;
				IPHONEOS_DEPLOYMENT_TARGET = 8.0;
				METAL_ENABLE_DEBUG_INFO = NO;
				SDKROOT = iphoneos;
				TARGETED_DEVICE_FAMILY = "1,2";
				VALIDATE_PRODUCT = YES;
			};
			name = Release;
		};
		BC020AFD196188F50061A620 /* Debug */ = {
			isa = XCBuildConfiguration;
			buildSettings = {
				ASSETCATALOG_COMPILER_APPICON_NAME = AppIcon;
				ASSETCATALOG_COMPILER_LAUNCHIMAGE_NAME = LaunchImage;
				INFOPLIST_FILE = Stroke5InputMethod/Info.plist;
				LD_RUNPATH_SEARCH_PATHS = "$(inherited) @executable_path/Frameworks";
				PRODUCT_NAME = "$(TARGET_NAME)";
			};
			name = Debug;
		};
		BC020AFE196188F50061A620 /* Release */ = {
			isa = XCBuildConfiguration;
			buildSettings = {
				ASSETCATALOG_COMPILER_APPICON_NAME = AppIcon;
				ASSETCATALOG_COMPILER_LAUNCHIMAGE_NAME = LaunchImage;
				INFOPLIST_FILE = Stroke5InputMethod/Info.plist;
				LD_RUNPATH_SEARCH_PATHS = "$(inherited) @executable_path/Frameworks";
				PRODUCT_NAME = "$(TARGET_NAME)";
			};
			name = Release;
		};
		BC020B00196188F50061A620 /* Debug */ = {
			isa = XCBuildConfiguration;
			buildSettings = {
				BUNDLE_LOADER = "$(BUILT_PRODUCTS_DIR)/Stroke5InputMethod.app/Stroke5InputMethod";
				FRAMEWORK_SEARCH_PATHS = (
					"$(SDKROOT)/Developer/Library/Frameworks",
					"$(inherited)",
				);
				GCC_PREPROCESSOR_DEFINITIONS = (
					"DEBUG=1",
					"$(inherited)",
				);
				INFOPLIST_FILE = Stroke5InputMethodTests/Info.plist;
				LD_RUNPATH_SEARCH_PATHS = "$(inherited) @executable_path/Frameworks @loader_path/Frameworks";
				METAL_ENABLE_DEBUG_INFO = YES;
				PRODUCT_NAME = "$(TARGET_NAME)";
				TEST_HOST = "$(BUNDLE_LOADER)";
			};
			name = Debug;
		};
		BC020B01196188F50061A620 /* Release */ = {
			isa = XCBuildConfiguration;
			buildSettings = {
				BUNDLE_LOADER = "$(BUILT_PRODUCTS_DIR)/Stroke5InputMethod.app/Stroke5InputMethod";
				FRAMEWORK_SEARCH_PATHS = (
					"$(SDKROOT)/Developer/Library/Frameworks",
					"$(inherited)",
				);
				INFOPLIST_FILE = Stroke5InputMethodTests/Info.plist;
				LD_RUNPATH_SEARCH_PATHS = "$(inherited) @executable_path/Frameworks @loader_path/Frameworks";
				METAL_ENABLE_DEBUG_INFO = NO;
				PRODUCT_NAME = "$(TARGET_NAME)";
				TEST_HOST = "$(BUNDLE_LOADER)";
			};
			name = Release;
		};
		BC020B131961890B0061A620 /* Debug */ = {
			isa = XCBuildConfiguration;
			buildSettings = {
				GCC_PREPROCESSOR_DEFINITIONS = (
					"DEBUG=1",
					"$(inherited)",
				);
				INFOPLIST_FILE = Stroke5Keyboard/Info.plist;
				LD_RUNPATH_SEARCH_PATHS = "$(inherited) @executable_path/Frameworks @executable_path/../../Frameworks";
				METAL_ENABLE_DEBUG_INFO = YES;
				PRODUCT_NAME = "com.linkomnia.Stroke5InputMethod.$(TARGET_NAME:rfc1034identifier)";
				SKIP_INSTALL = YES;
			};
			name = Debug;
		};
		BC020B141961890B0061A620 /* Release */ = {
			isa = XCBuildConfiguration;
			buildSettings = {
				INFOPLIST_FILE = Stroke5Keyboard/Info.plist;
				LD_RUNPATH_SEARCH_PATHS = "$(inherited) @executable_path/Frameworks @executable_path/../../Frameworks";
				METAL_ENABLE_DEBUG_INFO = NO;
				PRODUCT_NAME = "com.linkomnia.Stroke5InputMethod.$(TARGET_NAME:rfc1034identifier)";
				SKIP_INSTALL = YES;
			};
			name = Release;
		};
/* End XCBuildConfiguration section */

/* Begin XCConfigurationList section */
		BC020ADD196188F40061A620 /* Build configuration list for PBXProject "Stroke5InputMethod" */ = {
			isa = XCConfigurationList;
			buildConfigurations = (
				BC020AFA196188F50061A620 /* Debug */,
				BC020AFB196188F50061A620 /* Release */,
			);
			defaultConfigurationIsVisible = 0;
			defaultConfigurationName = Release;
		};
		BC020AFC196188F50061A620 /* Build configuration list for PBXNativeTarget "Stroke5InputMethod" */ = {
			isa = XCConfigurationList;
			buildConfigurations = (
				BC020AFD196188F50061A620 /* Debug */,
				BC020AFE196188F50061A620 /* Release */,
			);
			defaultConfigurationIsVisible = 0;
			defaultConfigurationName = Release;
		};
		BC020AFF196188F50061A620 /* Build configuration list for PBXNativeTarget "Stroke5InputMethodTests" */ = {
			isa = XCConfigurationList;
			buildConfigurations = (
				BC020B00196188F50061A620 /* Debug */,
				BC020B01196188F50061A620 /* Release */,
			);
			defaultConfigurationIsVisible = 0;
			defaultConfigurationName = Release;
		};
		BC020B121961890B0061A620 /* Build configuration list for PBXNativeTarget "Stroke5Keyboard" */ = {
			isa = XCConfigurationList;
			buildConfigurations = (
				BC020B131961890B0061A620 /* Debug */,
				BC020B141961890B0061A620 /* Release */,
			);
			defaultConfigurationIsVisible = 0;
			defaultConfigurationName = Release;
		};
/* End XCConfigurationList section */
	};
	rootObject = BC020ADA196188F40061A620 /* Project object */;
}
